%{
  "axon": {:git, "https://github.com/elixir-nx/axon.git", "8ceb86e5f30ebfe22131b8f578206abd644bb633", [branch: "main"]},
  "complex": {:git, "https://github.com/elixir-nx/complex.git", "45b088beb55b43ffa0c5aa1e1382d980b222924f", [branch: "main"]},
  "comsat": {:git, "https://github.com/vans163/comsat.git", "1ea7ed0c23ee7e4a6a6856137e11985e574b9064", [branch: "master"]},
  "dll_loader_helper": {:hex, :dll_loader_helper, "0.1.0", "904c3cec32e6e0fc5914e41989ce9350d2bfd06b32f952a658fe63342b993e83", [:make, :mix], [{:elixir_make, "~> 0.6", [hex: :elixir_make, repo: "hexpm", optional: false]}], "hexpm", "b9db9151af610a2db375af543e912b3dd9cad87377d829328888386c65681473"},
  "elixir_make": {:hex, :elixir_make, "0.6.3", "bc07d53221216838d79e03a8019d0839786703129599e9619f4ab74c8c096eac", [:mix], [], "hexpm", "f5cbd651c5678bcaabdbb7857658ee106b12509cd976c2c2fca99688e1daf716"},
  "erlport": {:git, "https://github.com/heyoka/erlport.git", "bb3acc8d22edf275e4f32d463ee2f46ed7e9769e", [branch: "master"]},
  "evision": {:git, "https://github.com/cocoa-xu/evision.git", "f29fb93c0fdc92edd0e5cc58a4dc06a8070a6d40", [branch: "main"]},
  "exjsx": {:hex, :exjsx, "4.0.0", "60548841e0212df401e38e63c0078ec57b33e7ea49b032c796ccad8cde794b5c", [:mix], [{:jsx, "~> 2.8.0", [hex: :jsx, repo: "hexpm", optional: false]}], "hexpm", "32e95820a97cffea67830e91514a2ad53b888850442d6d395f53a1ac60c82e07"},
  "exla": {:git, "https://github.com/elixir-nx/nx.git", "44d77ca48c5d05f383c016d84333f40b10c0b775", [sparse: "exla"]},
  "jsx": {:hex, :jsx, "2.8.3", "a05252d381885240744d955fbe3cf810504eb2567164824e19303ea59eef62cf", [:mix, :rebar3], [], "hexpm", "fc3499fed7a726995aa659143a248534adc754ebd16ccd437cd93b649a95091f"},
  "nx": {:git, "https://github.com/elixir-nx/nx.git", "44d77ca48c5d05f383c016d84333f40b10c0b775", [sparse: "nx"]},
  "table_rex": {:hex, :table_rex, "3.1.1", "0c67164d1714b5e806d5067c1e96ff098ba7ae79413cc075973e17c38a587caa", [:mix], [], "hexpm", "678a23aba4d670419c23c17790f9dcd635a4a89022040df7d5d772cb21012490"},
  "xla": {:hex, :xla, "0.3.0", "7f40d3d799447bd745e6e61985c922821e355eca37c25754bac299d11f137f2e", [:make, :mix], [{:elixir_make, "~> 0.4", [hex: :elixir_make, repo: "hexpm", optional: false]}], "hexpm", "0de304f5624ea2f2ae1afdcbd72d33855364be36fed2cc5de8d6d2ec8950926e"},
}
